
Microsoft Visual Studio Solution File, Format Version 12.00
# Visual Studio Version 17
VisualStudioVersion = 17.9.34728.123
MinimumVisualStudioVersion = 10.0.40219.1
Project("{FAE04EC0-301F-11D3-BF4B-00C04F79EFBC}") = "APICatalogo", "APICatalogo\APICatalogo.csproj", "{01ACFC8F-A1C6-448F-B466-CFBEDB7E29B3}"
EndProject
Global
	GlobalSection(SolutionConfigurationPlatforms) = preSolution
		Debug|Any CPU = Debug|Any CPU
		Release|Any CPU = Release|Any CPU
	EndGlobalSection
	GlobalSection(ProjectConfigurationPlatforms) = postSolution
		{01ACFC8F-A1C6-448F-B466-CFBEDB7E29B3}.Debug|Any CPU.ActiveCfg = Debug|Any CPU
		{01ACFC8F-A1C6-448F-B466-CFBEDB7E29B3}.Debug|Any CPU.Build.0 = Debug|Any CPU
		{01ACFC8F-A1C6-448F-B466-CFBEDB7E29B3}.Release|Any CPU.ActiveCfg = Release|Any CPU
		{01ACFC8F-A1C6-448F-B466-CFBEDB7E29B3}.Release|Any CPU.Build.0 = Release|Any CPU
	EndGlobalSection
	GlobalSection(SolutionProperties) = preSolution
		HideSolutionNode = FALSE
	EndGlobalSection
	GlobalSection(ExtensibilityGlobals) = postSolution
		SolutionGuid = {B3FA1384-C5BF-41FA-97F6-E68465422AFC}
	EndGlobalSection
EndGlobal
